
Microsoft Visual Studio Solution File, Format Version 12.00
# Visual Studio Version 16
VisualStudioVersion = 16.0.29020.237
MinimumVisualStudioVersion = 10.0.40219.1
Project("{FAE04EC0-301F-11D3-BF4B-00C04F79EFBC}") = "SportsAppUsingRepo", "SportsAppUsingRepo\SportsAppUsingRepo.csproj", "{8368C9C4-8732-41CE-A4E5-F3D6BA36DC10}"
EndProject
Global
	GlobalSection(SolutionConfigurationPlatforms) = preSolution
		Debug|Any CPU = Debug|Any CPU
		Release|Any CPU = Release|Any CPU
	EndGlobalSection
	GlobalSection(ProjectConfigurationPlatforms) = postSolution
		{8368C9C4-8732-41CE-A4E5-F3D6BA36DC10}.Debug|Any CPU.ActiveCfg = Debug|Any CPU
		{8368C9C4-8732-41CE-A4E5-F3D6BA36DC10}.Debug|Any CPU.Build.0 = Debug|Any CPU
		{8368C9C4-8732-41CE-A4E5-F3D6BA36DC10}.Release|Any CPU.ActiveCfg = Release|Any CPU
		{8368C9C4-8732-41CE-A4E5-F3D6BA36DC10}.Release|Any CPU.Build.0 = Release|Any CPU
	EndGlobalSection
	GlobalSection(SolutionProperties) = preSolution
		HideSolutionNode = FALSE
	EndGlobalSection
	GlobalSection(ExtensibilityGlobals) = postSolution
		SolutionGuid = {05B1A722-B105-4977-82D0-7C5FEFD5290D}
	EndGlobalSection
EndGlobal
